hash: d82dc59fe4b1f98c0797d952a237183ee1ea2fdd006feb5aeceda5d693823cd1
updated: 2016-11-29T10:31:36.880748505Z
imports:
- name: github.com/aws/aws-sdk-go
  version: 92ed7a76d078fc5b792a3b5c834274c8dc89d10a
  subpackages:
  - aws
- name: github.com/beorn7/perks
  version: 4c0e84591b9aa9e6dcfdf3e020114cd81f89d5f9
  subpackages:
  - quantile
- name: github.com/golang/protobuf
  version: 8ee79997227bf9b34611aee7946ae64735e6fd93
  subpackages:
  - proto
- name: github.com/matttproud/golang_protobuf_extensions
  version: c12348ce28de40eed0136aa2b644d0ee0650e56c
  subpackages:
  - pbutil
- name: github.com/prometheus/client_golang
  version: 575f371f7862609249a1be4c9145f429fe065e32
  subpackages:
  - prometheus
- name: github.com/prometheus/client_model
  version: fa8ad6fec33561be4280a8f0514318c79d7f6cb6
  subpackages:
  - go
- name: github.com/prometheus/common
  version: 0d5de9d6d8629cb8bee6d4674da4127cd8b615a3
  subpackages:
  - expfmt
  - internal/bitbucket.org/ww/goautoneg
  - log
  - model
  - version
- name: github.com/prometheus/procfs
  version: abf152e5f3e97f2fafac028d2cc06c1feb87ffa5
- name: github.com/Sirupsen/logrus
  version: e400ff7861bce9661cf37c162ce3b7b303baf333
- name: golang.org/x/sys
  version: 30237cf4eefd639b184d1f2cb77a581ea0be8947
  subpackages:
  - unix
  - windows
  - windows/registry
  - windows/svc/eventlog
testImports: []
